<Solution>
  <Configurations>
    <Platform Name="x64" />
    <Platform Name="x86" />
  </Configurations>
  <Project Path="../Variables (2)/Variables (2).vcxproj" Id="5139147d-56c1-40fe-9ad0-4c0060177d86" />
  <Project Path="HelloWorld.vcxproj" Id="86537e41-57f0-4ccf-8854-981a0905b75c" />
</Solution>
